
Microsoft Visual Studio Solution File, Format Version 12.00
# Visual Studio 15
VisualStudioVersion = 15.0.28307.1062
MinimumVisualStudioVersion = 10.0.40219.1
Project("{FAE04EC0-301F-11D3-BF4B-00C04F79EFBC}") = "lab3A", "lab3A\lab3A.csproj", "{A46AB1DB-6780-4987-84E4-4D405F951F98}"
EndProject
Global
	GlobalSection(SolutionConfigurationPlatforms) = preSolution
		Debug|Any CPU = Debug|Any CPU
		Release|Any CPU = Release|Any CPU
	EndGlobalSection
	GlobalSection(ProjectConfigurationPlatforms) = postSolution
		{A46AB1DB-6780-4987-84E4-4D405F951F98}.Debug|Any CPU.ActiveCfg = Debug|Any CPU
		{A46AB1DB-6780-4987-84E4-4D405F951F98}.Debug|Any CPU.Build.0 = Debug|Any CPU
		{A46AB1DB-6780-4987-84E4-4D405F951F98}.Release|Any CPU.ActiveCfg = Release|Any CPU
		{A46AB1DB-6780-4987-84E4-4D405F951F98}.Release|Any CPU.Build.0 = Release|Any CPU
	EndGlobalSection
	GlobalSection(SolutionProperties) = preSolution
		HideSolutionNode = FALSE
	EndGlobalSection
	GlobalSection(ExtensibilityGlobals) = postSolution
		SolutionGuid = {40603AEE-8F37-437F-9ADC-1B7AE8AAF8A9}
	EndGlobalSection
EndGlobal
