
Microsoft Visual Studio Solution File, Format Version 12.00
# Visual Studio 15
VisualStudioVersion = 15.0.28307.1062
MinimumVisualStudioVersion = 10.0.40219.1
Project("{FAE04EC0-301F-11D3-BF4B-00C04F79EFBC}") = "lab6D", "lab6D\lab6D.csproj", "{BC8077A2-8BB9-4A49-8EC7-203319E8ED9A}"
EndProject
Global
	GlobalSection(SolutionConfigurationPlatforms) = preSolution
		Debug|Any CPU = Debug|Any CPU
		Release|Any CPU = Release|Any CPU
	EndGlobalSection
	GlobalSection(ProjectConfigurationPlatforms) = postSolution
		{BC8077A2-8BB9-4A49-8EC7-203319E8ED9A}.Debug|Any CPU.ActiveCfg = Debug|Any CPU
		{BC8077A2-8BB9-4A49-8EC7-203319E8ED9A}.Debug|Any CPU.Build.0 = Debug|Any CPU
		{BC8077A2-8BB9-4A49-8EC7-203319E8ED9A}.Release|Any CPU.ActiveCfg = Release|Any CPU
		{BC8077A2-8BB9-4A49-8EC7-203319E8ED9A}.Release|Any CPU.Build.0 = Release|Any CPU
	EndGlobalSection
	GlobalSection(SolutionProperties) = preSolution
		HideSolutionNode = FALSE
	EndGlobalSection
	GlobalSection(ExtensibilityGlobals) = postSolution
		SolutionGuid = {836AFC38-AE2E-4D41-BB99-D99ED6668BAB}
	EndGlobalSection
EndGlobal
