
Microsoft Visual Studio Solution File, Format Version 12.00
# Visual Studio 15
VisualStudioVersion = 15.0.28307.1062
MinimumVisualStudioVersion = 10.0.40219.1
Project("{FAE04EC0-301F-11D3-BF4B-00C04F79EFBC}") = "lab5C", "lab5C\lab5C.csproj", "{817E85AB-A5DA-4C89-A2D1-5CAEA9171D15}"
EndProject
Global
	GlobalSection(SolutionConfigurationPlatforms) = preSolution
		Debug|Any CPU = Debug|Any CPU
		Release|Any CPU = Release|Any CPU
	EndGlobalSection
	GlobalSection(ProjectConfigurationPlatforms) = postSolution
		{817E85AB-A5DA-4C89-A2D1-5CAEA9171D15}.Debug|Any CPU.ActiveCfg = Debug|Any CPU
		{817E85AB-A5DA-4C89-A2D1-5CAEA9171D15}.Debug|Any CPU.Build.0 = Debug|Any CPU
		{817E85AB-A5DA-4C89-A2D1-5CAEA9171D15}.Release|Any CPU.ActiveCfg = Release|Any CPU
		{817E85AB-A5DA-4C89-A2D1-5CAEA9171D15}.Release|Any CPU.Build.0 = Release|Any CPU
	EndGlobalSection
	GlobalSection(SolutionProperties) = preSolution
		HideSolutionNode = FALSE
	EndGlobalSection
	GlobalSection(ExtensibilityGlobals) = postSolution
		SolutionGuid = {CB91D969-0337-43BA-9481-913D0E756F4D}
	EndGlobalSection
EndGlobal
