// !$*UTF8*$!
{
	archiveVersion = 1;
	classes = {
	};
	objectVersion = 50;
	objects = {

/* Begin PBXBuildFile section */
		A93A86CC24C9F8B1007A5645 /* Models.framework in Frameworks */ = {isa = PBXBuildFile; fileRef = A93A86CB24C9F8B1007A5645 /* Models.framework */; };
		A93A86CD24C9F8B1007A5645 /* Models.framework in Embed Frameworks */ = {isa = PBXBuildFile; fileRef = A93A86CB24C9F8B1007A5645 /* Models.framework */; settings = {ATTRIBUTES = (CodeSignOnCopy, RemoveHeadersOnCopy, ); }; };
		A996365324DAF6FD004430C9 /* DetailNewsViewController.swift in Sources */ = {isa = PBXBuildFile; fileRef = A996365224DAF6FD004430C9 /* DetailNewsViewController.swift */; };
		A996365B24DB1240004430C9 /* DetailNewsFactory.swift in Sources */ = {isa = PBXBuildFile; fileRef = A996365A24DB1240004430C9 /* DetailNewsFactory.swift */; };
		F001883D247414FC00518FF0 /* SpotlightViewController.swift in Sources */ = {isa = PBXBuildFile; fileRef = F001883C247414FC00518FF0 /* SpotlightViewController.swift */; };
		F0018840247420A900518FF0 /* FavoritesViewController.swift in Sources */ = {isa = PBXBuildFile; fileRef = F001883F247420A900518FF0 /* FavoritesViewController.swift */; };
		F001887C2476EC9300518FF0 /* PravdaUIKit.framework in Frameworks */ = {isa = PBXBuildFile; fileRef = F001887B2476EC9300518FF0 /* PravdaUIKit.framework */; };
		F001887D2476EC9300518FF0 /* PravdaUIKit.framework in Embed Frameworks */ = {isa = PBXBuildFile; fileRef = F001887B2476EC9300518FF0 /* PravdaUIKit.framework */; settings = {ATTRIBUTES = (CodeSignOnCopy, RemoveHeadersOnCopy, ); }; };
		F02842BF247172500056034B /* AppDelegate.swift in Sources */ = {isa = PBXBuildFile; fileRef = F02842BE247172500056034B /* AppDelegate.swift */; };
		F02842C1247172500056034B /* SceneDelegate.swift in Sources */ = {isa = PBXBuildFile; fileRef = F02842C0247172500056034B /* SceneDelegate.swift */; };
		F02842C3247172500056034B /* TodayViewController.swift in Sources */ = {isa = PBXBuildFile; fileRef = F02842C2247172500056034B /* TodayViewController.swift */; };
		F02842C8247172520056034B /* Assets.xcassets in Resources */ = {isa = PBXBuildFile; fileRef = F02842C7247172520056034B /* Assets.xcassets */; };
		F02842CB247172520056034B /* LaunchScreen.storyboard in Resources */ = {isa = PBXBuildFile; fileRef = F02842C9247172520056034B /* LaunchScreen.storyboard */; };
/* End PBXBuildFile section */

/* Begin PBXCopyFilesBuildPhase section */
		F001887E2476EC9300518FF0 /* Embed Frameworks */ = {
			isa = PBXCopyFilesBuildPhase;
			buildActionMask = 2147483647;
			dstPath = "";
			dstSubfolderSpec = 10;
			files = (
				A93A86CD24C9F8B1007A5645 /* Models.framework in Embed Frameworks */,
				F001887D2476EC9300518FF0 /* PravdaUIKit.framework in Embed Frameworks */,
			);
			name = "Embed Frameworks";
			runOnlyForDeploymentPostprocessing = 0;
		};
/* End PBXCopyFilesBuildPhase section */

/* Begin PBXFileReference section */
		A93A86CB24C9F8B1007A5645 /* Models.framework */ = {isa = PBXFileReference; explicitFileType = wrapper.framework; path = Models.framework; sourceTree = BUILT_PRODUCTS_DIR; };
		A996365224DAF6FD004430C9 /* DetailNewsViewController.swift */ = {isa = PBXFileReference; lastKnownFileType = sourcecode.swift; path = DetailNewsViewController.swift; sourceTree = "<group>"; };
		A996365A24DB1240004430C9 /* DetailNewsFactory.swift */ = {isa = PBXFileReference; lastKnownFileType = sourcecode.swift; path = DetailNewsFactory.swift; sourceTree = "<group>"; };
		F001883C247414FC00518FF0 /* SpotlightViewController.swift */ = {isa = PBXFileReference; lastKnownFileType = sourcecode.swift; path = SpotlightViewController.swift; sourceTree = "<group>"; };
		F001883F247420A900518FF0 /* FavoritesViewController.swift */ = {isa = PBXFileReference; lastKnownFileType = sourcecode.swift; path = FavoritesViewController.swift; sourceTree = "<group>"; };
		F001887B2476EC9300518FF0 /* PravdaUIKit.framework */ = {isa = PBXFileReference; explicitFileType = wrapper.framework; path = PravdaUIKit.framework; sourceTree = BUILT_PRODUCTS_DIR; };
		F02842BB247172500056034B /* Pravda-MVC.app */ = {isa = PBXFileReference; explicitFileType = wrapper.application; includeInIndex = 0; path = "Pravda-MVC.app"; sourceTree = BUILT_PRODUCTS_DIR; };
		F02842BE247172500056034B /* AppDelegate.swift */ = {isa = PBXFileReference; lastKnownFileType = sourcecode.swift; path = AppDelegate.swift; sourceTree = "<group>"; };
		F02842C0247172500056034B /* SceneDelegate.swift */ = {isa = PBXFileReference; lastKnownFileType = sourcecode.swift; path = SceneDelegate.swift; sourceTree = "<group>"; };
		F02842C2247172500056034B /* TodayViewController.swift */ = {isa = PBXFileReference; lastKnownFileType = sourcecode.swift; path = TodayViewController.swift; sourceTree = "<group>"; };
		F02842C7247172520056034B /* Assets.xcassets */ = {isa = PBXFileReference; lastKnownFileType = folder.assetcatalog; path = Assets.xcassets; sourceTree = "<group>"; };
		F02842CA247172520056034B /* Base */ = {isa = PBXFileReference; lastKnownFileType = file.storyboard; name = Base; path = Base.lproj/LaunchScreen.storyboard; sourceTree = "<group>"; };
		F02842CC247172520056034B /* Info.plist */ = {isa = PBXFileReference; lastKnownFileType = text.plist.xml; path = Info.plist; sourceTree = "<group>"; };
		F02842D22471727F0056034B /* Pravda-MVC.entitlements */ = {isa = PBXFileReference; lastKnownFileType = text.plist.entitlements; path = "Pravda-MVC.entitlements"; sourceTree = "<group>"; };
/* End PBXFileReference section */

/* Begin PBXFrameworksBuildPhase section */
		F02842B8247172500056034B /* Frameworks */ = {
			isa = PBXFrameworksBuildPhase;
			buildActionMask = 2147483647;
			files = (
				A93A86CC24C9F8B1007A5645 /* Models.framework in Frameworks */,
				F001887C2476EC9300518FF0 /* PravdaUIKit.framework in Frameworks */,
			);
			runOnlyForDeploymentPostprocessing = 0;
		};
/* End PBXFrameworksBuildPhase section */

/* Begin PBXGroup section */
		A996365124DAF6D6004430C9 /* DetailNews */ = {
			isa = PBXGroup;
			children = (
				A996365224DAF6FD004430C9 /* DetailNewsViewController.swift */,
				A996365A24DB1240004430C9 /* DetailNewsFactory.swift */,
			);
			path = DetailNews;
			sourceTree = "<group>";
		};
		F00188352472F62A00518FF0 /* Resources */ = {
			isa = PBXGroup;
			children = (
				F02842C7247172520056034B /* Assets.xcassets */,
			);
			path = Resources;
			sourceTree = "<group>";
		};
		F00188362472F7EE00518FF0 /* Supports */ = {
			isa = PBXGroup;
			children = (
				F02842D22471727F0056034B /* Pravda-MVC.entitlements */,
				F02842CC247172520056034B /* Info.plist */,
			);
			path = Supports;
			sourceTree = "<group>";
		};
		F00188372472FA4600518FF0 /* Application */ = {
			isa = PBXGroup;
			children = (
				F00188382472FA5600518FF0 /* Main */,
			);
			path = Application;
			sourceTree = "<group>";
		};
		F00188382472FA5600518FF0 /* Main */ = {
			isa = PBXGroup;
			children = (
				F00188472475BA7100518FF0 /* Delegates */,
				F00188462475BA5C00518FF0 /* Views */,
			);
			path = Main;
			sourceTree = "<group>";
		};
		F00188392472FA7800518FF0 /* Modules */ = {
			isa = PBXGroup;
			children = (
				F001883A2472FA9800518FF0 /* Today */,
				A996365124DAF6D6004430C9 /* DetailNews */,
				F001883B2474079000518FF0 /* Spotlight */,
				F001883E2474207E00518FF0 /* Favorites */,
			);
			path = Modules;
			sourceTree = "<group>";
		};
		F001883A2472FA9800518FF0 /* Today */ = {
			isa = PBXGroup;
			children = (
				F02842C2247172500056034B /* TodayViewController.swift */,
			);
			path = Today;
			sourceTree = "<group>";
		};
		F001883B2474079000518FF0 /* Spotlight */ = {
			isa = PBXGroup;
			children = (
				F001883C247414FC00518FF0 /* SpotlightViewController.swift */,
			);
			path = Spotlight;
			sourceTree = "<group>";
		};
		F001883E2474207E00518FF0 /* Favorites */ = {
			isa = PBXGroup;
			children = (
				F001883F247420A900518FF0 /* FavoritesViewController.swift */,
			);
			path = Favorites;
			sourceTree = "<group>";
		};
		F00188462475BA5C00518FF0 /* Views */ = {
			isa = PBXGroup;
			children = (
				F02842C9247172520056034B /* LaunchScreen.storyboard */,
			);
			path = Views;
			sourceTree = "<group>";
		};
		F00188472475BA7100518FF0 /* Delegates */ = {
			isa = PBXGroup;
			children = (
				F02842BE247172500056034B /* AppDelegate.swift */,
				F02842C0247172500056034B /* SceneDelegate.swift */,
			);
			path = Delegates;
			sourceTree = "<group>";
		};
		F001887A2476EC9300518FF0 /* Frameworks */ = {
			isa = PBXGroup;
			children = (
				A93A86CB24C9F8B1007A5645 /* Models.framework */,
				F001887B2476EC9300518FF0 /* PravdaUIKit.framework */,
			);
			name = Frameworks;
			sourceTree = "<group>";
		};
		F02842B2247172500056034B = {
			isa = PBXGroup;
			children = (
				F02842BD247172500056034B /* Pravda-MVC */,
				F02842BC247172500056034B /* Products */,
				F001887A2476EC9300518FF0 /* Frameworks */,
			);
			sourceTree = "<group>";
		};
		F02842BC247172500056034B /* Products */ = {
			isa = PBXGroup;
			children = (
				F02842BB247172500056034B /* Pravda-MVC.app */,
			);
			name = Products;
			sourceTree = "<group>";
		};
		F02842BD247172500056034B /* Pravda-MVC */ = {
			isa = PBXGroup;
			children = (
				F00188392472FA7800518FF0 /* Modules */,
				F00188372472FA4600518FF0 /* Application */,
				F00188352472F62A00518FF0 /* Resources */,
				F00188362472F7EE00518FF0 /* Supports */,
			);
			path = "Pravda-MVC";
			sourceTree = "<group>";
		};
/* End PBXGroup section */

/* Begin PBXNativeTarget section */
		F02842BA247172500056034B /* Pravda-MVC */ = {
			isa = PBXNativeTarget;
			buildConfigurationList = F02842CF247172520056034B /* Build configuration list for PBXNativeTarget "Pravda-MVC" */;
			buildPhases = (
				F02842B7247172500056034B /* Sources */,
				F02842B8247172500056034B /* Frameworks */,
				F02842B9247172500056034B /* Resources */,
				F001887E2476EC9300518FF0 /* Embed Frameworks */,
			);
			buildRules = (
			);
			dependencies = (
			);
			name = "Pravda-MVC";
			productName = Pravda;
			productReference = F02842BB247172500056034B /* Pravda-MVC.app */;
			productType = "com.apple.product-type.application";
		};
/* End PBXNativeTarget section */

/* Begin PBXProject section */
		F02842B3247172500056034B /* Project object */ = {
			isa = PBXProject;
			attributes = {
				LastSwiftUpdateCheck = 1140;
				LastUpgradeCheck = 1200;
				ORGANIZATIONNAME = GkFoxes;
				TargetAttributes = {
					F02842BA247172500056034B = {
						CreatedOnToolsVersion = 11.4.1;
					};
				};
			};
			buildConfigurationList = F02842B6247172500056034B /* Build configuration list for PBXProject "Pravda-MVC" */;
			compatibilityVersion = "Xcode 9.3";
			developmentRegion = en;
			hasScannedForEncodings = 0;
			knownRegions = (
				en,
				Base,
			);
			mainGroup = F02842B2247172500056034B;
			productRefGroup = F02842BC247172500056034B /* Products */;
			projectDirPath = "";
			projectRoot = "";
			targets = (
				F02842BA247172500056034B /* Pravda-MVC */,
			);
		};
/* End PBXProject section */

/* Begin PBXResourcesBuildPhase section */
		F02842B9247172500056034B /* Resources */ = {
			isa = PBXResourcesBuildPhase;
			buildActionMask = 2147483647;
			files = (
				F02842CB247172520056034B /* LaunchScreen.storyboard in Resources */,
				F02842C8247172520056034B /* Assets.xcassets in Resources */,
			);
			runOnlyForDeploymentPostprocessing = 0;
		};
/* End PBXResourcesBuildPhase section */

/* Begin PBXSourcesBuildPhase section */
		F02842B7247172500056034B /* Sources */ = {
			isa = PBXSourcesBuildPhase;
			buildActionMask = 2147483647;
			files = (
				F02842C3247172500056034B /* TodayViewController.swift in Sources */,
				F001883D247414FC00518FF0 /* SpotlightViewController.swift in Sources */,
				F02842BF247172500056034B /* AppDelegate.swift in Sources */,
				F0018840247420A900518FF0 /* FavoritesViewController.swift in Sources */,
				A996365324DAF6FD004430C9 /* DetailNewsViewController.swift in Sources */,
				A996365B24DB1240004430C9 /* DetailNewsFactory.swift in Sources */,
				F02842C1247172500056034B /* SceneDelegate.swift in Sources */,
			);
			runOnlyForDeploymentPostprocessing = 0;
		};
/* End PBXSourcesBuildPhase section */

/* Begin PBXVariantGroup section */
		F02842C9247172520056034B /* LaunchScreen.storyboard */ = {
			isa = PBXVariantGroup;
			children = (
				F02842CA247172520056034B /* Base */,
			);
			name = LaunchScreen.storyboard;
			sourceTree = "<group>";
		};
/* End PBXVariantGroup section */

/* Begin XCBuildConfiguration section */
		F02842CD247172520056034B /* Debug */ = {
			isa = XCBuildConfiguration;
			buildSettings = {
				ALWAYS_SEARCH_USER_PATHS = NO;
				CLANG_ANALYZER_NONNULL = YES;
				CLANG_ANALYZER_NUMBER_OBJECT_CONVERSION = YES_AGGRESSIVE;
				CLANG_CXX_LANGUAGE_STANDARD = "gnu++14";
				CLANG_CXX_LIBRARY = "libc++";
				CLANG_ENABLE_MODULES = YES;
				CLANG_ENABLE_OBJC_ARC = YES;
				CLANG_ENABLE_OBJC_WEAK = YES;
				CLANG_WARN_BLOCK_CAPTURE_AUTORELEASING = YES;
				CLANG_WARN_BOOL_CONVERSION = YES;
				CLANG_WARN_COMMA = YES;
				CLANG_WARN_CONSTANT_CONVERSION = YES;
				CLANG_WARN_DEPRECATED_OBJC_IMPLEMENTATIONS = YES;
				CLANG_WARN_DIRECT_OBJC_ISA_USAGE = YES_ERROR;
				CLANG_WARN_DOCUMENTATION_COMMENTS = YES;
				CLANG_WARN_EMPTY_BODY = YES;
				CLANG_WARN_ENUM_CONVERSION = YES;
				CLANG_WARN_INFINITE_RECURSION = YES;
				CLANG_WARN_INT_CONVERSION = YES;
				CLANG_WARN_NON_LITERAL_NULL_CONVERSION = YES;
				CLANG_WARN_OBJC_IMPLICIT_RETAIN_SELF = YES;
				CLANG_WARN_OBJC_LITERAL_CONVERSION = YES;
				CLANG_WARN_OBJC_ROOT_CLASS = YES_ERROR;
				CLANG_WARN_QUOTED_INCLUDE_IN_FRAMEWORK_HEADER = YES;
				CLANG_WARN_RANGE_LOOP_ANALYSIS = YES;
				CLANG_WARN_STRICT_PROTOTYPES = YES;
				CLANG_WARN_SUSPICIOUS_MOVE = YES;
				CLANG_WARN_UNGUARDED_AVAILABILITY = YES_AGGRESSIVE;
				CLANG_WARN_UNREACHABLE_CODE = YES;
				CLANG_WARN__DUPLICATE_METHOD_MATCH = YES;
				COPY_PHASE_STRIP = NO;
				DEBUG_INFORMATION_FORMAT = dwarf;
				ENABLE_STRICT_OBJC_MSGSEND = YES;
				ENABLE_TESTABILITY = YES;
				GCC_C_LANGUAGE_STANDARD = gnu11;
				GCC_DYNAMIC_NO_PIC = NO;
				GCC_NO_COMMON_BLOCKS = YES;
				GCC_OPTIMIZATION_LEVEL = 0;
				GCC_PREPROCESSOR_DEFINITIONS = (
					"DEBUG=1",
					"$(inherited)",
				);
				GCC_WARN_64_TO_32_BIT_CONVERSION = YES;
				GCC_WARN_ABOUT_RETURN_TYPE = YES_ERROR;
				GCC_WARN_UNDECLARED_SELECTOR = YES;
				GCC_WARN_UNINITIALIZED_AUTOS = YES_AGGRESSIVE;
				GCC_WARN_UNUSED_FUNCTION = YES;
				GCC_WARN_UNUSED_VARIABLE = YES;
				IPHONEOS_DEPLOYMENT_TARGET = 13.0;
				MTL_ENABLE_DEBUG_INFO = INCLUDE_SOURCE;
				MTL_FAST_MATH = YES;
				ONLY_ACTIVE_ARCH = YES;
				SDKROOT = iphoneos;
				SWIFT_ACTIVE_COMPILATION_CONDITIONS = DEBUG;
				SWIFT_OPTIMIZATION_LEVEL = "-Onone";
			};
			name = Debug;
		};
		F02842CE247172520056034B /* Release */ = {
			isa = XCBuildConfiguration;
			buildSettings = {
				ALWAYS_SEARCH_USER_PATHS = NO;
				CLANG_ANALYZER_NONNULL = YES;
				CLANG_ANALYZER_NUMBER_OBJECT_CONVERSION = YES_AGGRESSIVE;
				CLANG_CXX_LANGUAGE_STANDARD = "gnu++14";
				CLANG_CXX_LIBRARY = "libc++";
				CLANG_ENABLE_MODULES = YES;
				CLANG_ENABLE_OBJC_ARC = YES;
				CLANG_ENABLE_OBJC_WEAK = YES;
				CLANG_WARN_BLOCK_CAPTURE_AUTORELEASING = YES;
				CLANG_WARN_BOOL_CONVERSION = YES;
				CLANG_WARN_COMMA = YES;
				CLANG_WARN_CONSTANT_CONVERSION = YES;
				CLANG_WARN_DEPRECATED_OBJC_IMPLEMENTATIONS = YES;
				CLANG_WARN_DIRECT_OBJC_ISA_USAGE = YES_ERROR;
				CLANG_WARN_DOCUMENTATION_COMMENTS = YES;
				CLANG_WARN_EMPTY_BODY = YES;
				CLANG_WARN_ENUM_CONVERSION = YES;
				CLANG_WARN_INFINITE_RECURSION = YES;
				CLANG_WARN_INT_CONVERSION = YES;
				CLANG_WARN_NON_LITERAL_NULL_CONVERSION = YES;
				CLANG_WARN_OBJC_IMPLICIT_RETAIN_SELF = YES;
				CLANG_WARN_OBJC_LITERAL_CONVERSION = YES;
				CLANG_WARN_OBJC_ROOT_CLASS = YES_ERROR;
				CLANG_WARN_QUOTED_INCLUDE_IN_FRAMEWORK_HEADER = YES;
				CLANG_WARN_RANGE_LOOP_ANALYSIS = YES;
				CLANG_WARN_STRICT_PROTOTYPES = YES;
				CLANG_WARN_SUSPICIOUS_MOVE = YES;
				CLANG_WARN_UNGUARDED_AVAILABILITY = YES_AGGRESSIVE;
				CLANG_WARN_UNREACHABLE_CODE = YES;
				CLANG_WARN__DUPLICATE_METHOD_MATCH = YES;
				COPY_PHASE_STRIP = NO;
				DEBUG_INFORMATION_FORMAT = "dwarf-with-dsym";
				ENABLE_NS_ASSERTIONS = NO;
				ENABLE_STRICT_OBJC_MSGSEND = YES;
				GCC_C_LANGUAGE_STANDARD = gnu11;
				GCC_NO_COMMON_BLOCKS = YES;
				GCC_WARN_64_TO_32_BIT_CONVERSION = YES;
				GCC_WARN_ABOUT_RETURN_TYPE = YES_ERROR;
				GCC_WARN_UNDECLARED_SELECTOR = YES;
				GCC_WARN_UNINITIALIZED_AUTOS = YES_AGGRESSIVE;
				GCC_WARN_UNUSED_FUNCTION = YES;
				GCC_WARN_UNUSED_VARIABLE = YES;
				IPHONEOS_DEPLOYMENT_TARGET = 13.0;
				MTL_ENABLE_DEBUG_INFO = NO;
				MTL_FAST_MATH = YES;
				SDKROOT = iphoneos;
				SWIFT_COMPILATION_MODE = wholemodule;
				SWIFT_OPTIMIZATION_LEVEL = "-O";
				VALIDATE_PRODUCT = YES;
			};
			name = Release;
		};
		F02842D0247172520056034B /* Debug */ = {
			isa = XCBuildConfiguration;
			buildSettings = {
				ASSETCATALOG_COMPILER_APPICON_NAME = AppIcon;
				CODE_SIGN_ENTITLEMENTS = "Pravda-MVC/Supports/Pravda-MVC.entitlements";
				CODE_SIGN_STYLE = Automatic;
				DEVELOPMENT_TEAM = 2NKCB3S776;
				INFOPLIST_FILE = "$(SRCROOT)/Pravda-MVC/Supports/Info.plist";
				IPHONEOS_DEPLOYMENT_TARGET = 13.0;
				LD_RUNPATH_SEARCH_PATHS = (
					"$(inherited)",
					"@executable_path/Frameworks",
				);
				PRODUCT_BUNDLE_IDENTIFIER = ru.GkFoxes.Pravda;
				PRODUCT_NAME = "Pravda-MVC";
				SUPPORTS_MACCATALYST = YES;
				SWIFT_VERSION = 5.0;
				TARGETED_DEVICE_FAMILY = "1,2";
			};
			name = Debug;
		};
		F02842D1247172520056034B /* Release */ = {
			isa = XCBuildConfiguration;
			buildSettings = {
				ASSETCATALOG_COMPILER_APPICON_NAME = AppIcon;
				CODE_SIGN_ENTITLEMENTS = "Pravda-MVC/Supports/Pravda-MVC.entitlements";
				CODE_SIGN_STYLE = Automatic;
				DEVELOPMENT_TEAM = 2NKCB3S776;
				INFOPLIST_FILE = "$(SRCROOT)/Pravda-MVC/Supports/Info.plist";
				IPHONEOS_DEPLOYMENT_TARGET = 13.0;
				LD_RUNPATH_SEARCH_PATHS = (
					"$(inherited)",
					"@executable_path/Frameworks",
				);
				PRODUCT_BUNDLE_IDENTIFIER = ru.GkFoxes.Pravda;
				PRODUCT_NAME = "Pravda-MVC";
				SUPPORTS_MACCATALYST = YES;
				SWIFT_VERSION = 5.0;
				TARGETED_DEVICE_FAMILY = "1,2";
			};
			name = Release;
		};
/* End XCBuildConfiguration section */

/* Begin XCConfigurationList section */
		F02842B6247172500056034B /* Build configuration list for PBXProject "Pravda-MVC" */ = {
			isa = XCConfigurationList;
			buildConfigurations = (
				F02842CD247172520056034B /* Debug */,
				F02842CE247172520056034B /* Release */,
			);
			defaultConfigurationIsVisible = 0;
			defaultConfigurationName = Release;
		};
		F02842CF247172520056034B /* Build configuration list for PBXNativeTarget "Pravda-MVC" */ = {
			isa = XCConfigurationList;
			buildConfigurations = (
				F02842D0247172520056034B /* Debug */,
				F02842D1247172520056034B /* Release */,
			);
			defaultConfigurationIsVisible = 0;
			defaultConfigurationName = Release;
		};
/* End XCConfigurationList section */
	};
	rootObject = F02842B3247172500056034B /* Project object */;
}
