
Microsoft Visual Studio Solution File, Format Version 12.00
# Visual Studio 15
VisualStudioVersion = 15.0.28307.1062
MinimumVisualStudioVersion = 10.0.40219.1
Project("{FAE04EC0-301F-11D3-BF4B-00C04F79EFBC}") = "lab0C", "lab0C\lab0C.csproj", "{D83BA14A-0764-41D0-A26F-2695EE3B2BD2}"
EndProject
Global
	GlobalSection(SolutionConfigurationPlatforms) = preSolution
		Debug|Any CPU = Debug|Any CPU
		Release|Any CPU = Release|Any CPU
	EndGlobalSection
	GlobalSection(ProjectConfigurationPlatforms) = postSolution
		{D83BA14A-0764-41D0-A26F-2695EE3B2BD2}.Debug|Any CPU.ActiveCfg = Debug|Any CPU
		{D83BA14A-0764-41D0-A26F-2695EE3B2BD2}.Debug|Any CPU.Build.0 = Debug|Any CPU
		{D83BA14A-0764-41D0-A26F-2695EE3B2BD2}.Release|Any CPU.ActiveCfg = Release|Any CPU
		{D83BA14A-0764-41D0-A26F-2695EE3B2BD2}.Release|Any CPU.Build.0 = Release|Any CPU
	EndGlobalSection
	GlobalSection(SolutionProperties) = preSolution
		HideSolutionNode = FALSE
	EndGlobalSection
	GlobalSection(ExtensibilityGlobals) = postSolution
		SolutionGuid = {F0B2D3A3-E112-4D2A-B1A2-5C73D24A26DD}
	EndGlobalSection
EndGlobal
