
Microsoft Visual Studio Solution File, Format Version 12.00
# Visual Studio 15
VisualStudioVersion = 15.0.28307.1062
MinimumVisualStudioVersion = 10.0.40219.1
Project("{FAE04EC0-301F-11D3-BF4B-00C04F79EFBC}") = "lab5A", "lab5A\lab5A.csproj", "{3244A1C7-77E9-4118-A3BA-D3034436E4F8}"
EndProject
Global
	GlobalSection(SolutionConfigurationPlatforms) = preSolution
		Debug|Any CPU = Debug|Any CPU
		Release|Any CPU = Release|Any CPU
	EndGlobalSection
	GlobalSection(ProjectConfigurationPlatforms) = postSolution
		{3244A1C7-77E9-4118-A3BA-D3034436E4F8}.Debug|Any CPU.ActiveCfg = Debug|Any CPU
		{3244A1C7-77E9-4118-A3BA-D3034436E4F8}.Debug|Any CPU.Build.0 = Debug|Any CPU
		{3244A1C7-77E9-4118-A3BA-D3034436E4F8}.Release|Any CPU.ActiveCfg = Release|Any CPU
		{3244A1C7-77E9-4118-A3BA-D3034436E4F8}.Release|Any CPU.Build.0 = Release|Any CPU
	EndGlobalSection
	GlobalSection(SolutionProperties) = preSolution
		HideSolutionNode = FALSE
	EndGlobalSection
	GlobalSection(ExtensibilityGlobals) = postSolution
		SolutionGuid = {773B2D6B-6253-4978-B8A3-0A11917BD5E5}
	EndGlobalSection
EndGlobal
