
Microsoft Visual Studio Solution File, Format Version 12.00
# Visual Studio 15
VisualStudioVersion = 15.0.28307.1062
MinimumVisualStudioVersion = 10.0.40219.1
Project("{FAE04EC0-301F-11D3-BF4B-00C04F79EFBC}") = "lab9B", "lab9B\lab9B.csproj", "{61169AEC-90AE-4A80-B71E-0BD8092482DE}"
EndProject
Global
	GlobalSection(SolutionConfigurationPlatforms) = preSolution
		Debug|Any CPU = Debug|Any CPU
		Release|Any CPU = Release|Any CPU
	EndGlobalSection
	GlobalSection(ProjectConfigurationPlatforms) = postSolution
		{61169AEC-90AE-4A80-B71E-0BD8092482DE}.Debug|Any CPU.ActiveCfg = Debug|Any CPU
		{61169AEC-90AE-4A80-B71E-0BD8092482DE}.Debug|Any CPU.Build.0 = Debug|Any CPU
		{61169AEC-90AE-4A80-B71E-0BD8092482DE}.Release|Any CPU.ActiveCfg = Release|Any CPU
		{61169AEC-90AE-4A80-B71E-0BD8092482DE}.Release|Any CPU.Build.0 = Release|Any CPU
	EndGlobalSection
	GlobalSection(SolutionProperties) = preSolution
		HideSolutionNode = FALSE
	EndGlobalSection
	GlobalSection(ExtensibilityGlobals) = postSolution
		SolutionGuid = {6BECE53E-6FA8-44C8-AE81-238CFAA7C970}
	EndGlobalSection
EndGlobal
