
Microsoft Visual Studio Solution File, Format Version 12.00
# Visual Studio Version 16
VisualStudioVersion = 16.0.30611.23
MinimumVisualStudioVersion = 10.0.40219.1
Project("{9A19103F-16F7-4668-BE54-9A1E7A4F7556}") = "InfoBusiness", "InfoBusiness\InfoBusiness.csproj", "{FC1378D9-2EEA-4DB3-A537-F6DB97BEF370}"
EndProject
Project("{FAE04EC0-301F-11D3-BF4B-00C04F79EFBC}") = "Tests", "Tests\Tests.csproj", "{AA3DFE4D-4AFA-4D0A-B0B7-54F1DEC72C29}"
EndProject
Global
	GlobalSection(SolutionConfigurationPlatforms) = preSolution
		Debug|Any CPU = Debug|Any CPU
		Release|Any CPU = Release|Any CPU
	EndGlobalSection
	GlobalSection(ProjectConfigurationPlatforms) = postSolution
		{FC1378D9-2EEA-4DB3-A537-F6DB97BEF370}.Debug|Any CPU.ActiveCfg = Debug|Any CPU
		{FC1378D9-2EEA-4DB3-A537-F6DB97BEF370}.Debug|Any CPU.Build.0 = Debug|Any CPU
		{FC1378D9-2EEA-4DB3-A537-F6DB97BEF370}.Release|Any CPU.ActiveCfg = Release|Any CPU
		{FC1378D9-2EEA-4DB3-A537-F6DB97BEF370}.Release|Any CPU.Build.0 = Release|Any CPU
		{AA3DFE4D-4AFA-4D0A-B0B7-54F1DEC72C29}.Debug|Any CPU.ActiveCfg = Debug|Any CPU
		{AA3DFE4D-4AFA-4D0A-B0B7-54F1DEC72C29}.Debug|Any CPU.Build.0 = Debug|Any CPU
		{AA3DFE4D-4AFA-4D0A-B0B7-54F1DEC72C29}.Release|Any CPU.ActiveCfg = Release|Any CPU
		{AA3DFE4D-4AFA-4D0A-B0B7-54F1DEC72C29}.Release|Any CPU.Build.0 = Release|Any CPU
	EndGlobalSection
	GlobalSection(SolutionProperties) = preSolution
		HideSolutionNode = FALSE
	EndGlobalSection
	GlobalSection(ExtensibilityGlobals) = postSolution
		SolutionGuid = {41F3E693-F889-4525-9874-CA30A1B30DC8}
	EndGlobalSection
EndGlobal
