
Microsoft Visual Studio Solution File, Format Version 12.00
# Visual Studio 15
VisualStudioVersion = 15.0.28307.1062
MinimumVisualStudioVersion = 10.0.40219.1
Project("{FAE04EC0-301F-11D3-BF4B-00C04F79EFBC}") = "lab1A", "lab1A\lab1A.csproj", "{3FC9AB20-495E-4E5B-B72E-7CAC9C708185}"
EndProject
Global
	GlobalSection(SolutionConfigurationPlatforms) = preSolution
		Debug|Any CPU = Debug|Any CPU
		Release|Any CPU = Release|Any CPU
	EndGlobalSection
	GlobalSection(ProjectConfigurationPlatforms) = postSolution
		{3FC9AB20-495E-4E5B-B72E-7CAC9C708185}.Debug|Any CPU.ActiveCfg = Debug|Any CPU
		{3FC9AB20-495E-4E5B-B72E-7CAC9C708185}.Debug|Any CPU.Build.0 = Debug|Any CPU
		{3FC9AB20-495E-4E5B-B72E-7CAC9C708185}.Release|Any CPU.ActiveCfg = Release|Any CPU
		{3FC9AB20-495E-4E5B-B72E-7CAC9C708185}.Release|Any CPU.Build.0 = Release|Any CPU
	EndGlobalSection
	GlobalSection(SolutionProperties) = preSolution
		HideSolutionNode = FALSE
	EndGlobalSection
	GlobalSection(ExtensibilityGlobals) = postSolution
		SolutionGuid = {AFBB79A5-3EF6-4088-B745-6A54C85B41E0}
	EndGlobalSection
EndGlobal
