
Microsoft Visual Studio Solution File, Format Version 12.00
# Visual Studio 15
VisualStudioVersion = 15.0.28307.1062
MinimumVisualStudioVersion = 10.0.40219.1
Project("{FAE04EC0-301F-11D3-BF4B-00C04F79EFBC}") = "lab4A", "lab4A\lab4A.csproj", "{0C3CDC14-3D68-4D13-9AA9-8224B389516E}"
EndProject
Global
	GlobalSection(SolutionConfigurationPlatforms) = preSolution
		Debug|Any CPU = Debug|Any CPU
		Release|Any CPU = Release|Any CPU
	EndGlobalSection
	GlobalSection(ProjectConfigurationPlatforms) = postSolution
		{0C3CDC14-3D68-4D13-9AA9-8224B389516E}.Debug|Any CPU.ActiveCfg = Debug|Any CPU
		{0C3CDC14-3D68-4D13-9AA9-8224B389516E}.Debug|Any CPU.Build.0 = Debug|Any CPU
		{0C3CDC14-3D68-4D13-9AA9-8224B389516E}.Release|Any CPU.ActiveCfg = Release|Any CPU
		{0C3CDC14-3D68-4D13-9AA9-8224B389516E}.Release|Any CPU.Build.0 = Release|Any CPU
	EndGlobalSection
	GlobalSection(SolutionProperties) = preSolution
		HideSolutionNode = FALSE
	EndGlobalSection
	GlobalSection(ExtensibilityGlobals) = postSolution
		SolutionGuid = {9F42155C-FD94-4A66-B277-22C17B5CE816}
	EndGlobalSection
EndGlobal
