
Microsoft Visual Studio Solution File, Format Version 12.00
# Visual Studio 15
VisualStudioVersion = 15.0.28307.1062
MinimumVisualStudioVersion = 10.0.40219.1
Project("{FAE04EC0-301F-11D3-BF4B-00C04F79EFBC}") = "lab8A", "lab8A\lab8A.csproj", "{97BFDBAC-442C-4558-967C-8BD9A9C62056}"
EndProject
Global
	GlobalSection(SolutionConfigurationPlatforms) = preSolution
		Debug|Any CPU = Debug|Any CPU
		Release|Any CPU = Release|Any CPU
	EndGlobalSection
	GlobalSection(ProjectConfigurationPlatforms) = postSolution
		{97BFDBAC-442C-4558-967C-8BD9A9C62056}.Debug|Any CPU.ActiveCfg = Debug|Any CPU
		{97BFDBAC-442C-4558-967C-8BD9A9C62056}.Debug|Any CPU.Build.0 = Debug|Any CPU
		{97BFDBAC-442C-4558-967C-8BD9A9C62056}.Release|Any CPU.ActiveCfg = Release|Any CPU
		{97BFDBAC-442C-4558-967C-8BD9A9C62056}.Release|Any CPU.Build.0 = Release|Any CPU
	EndGlobalSection
	GlobalSection(SolutionProperties) = preSolution
		HideSolutionNode = FALSE
	EndGlobalSection
	GlobalSection(ExtensibilityGlobals) = postSolution
		SolutionGuid = {03450035-BDE1-4FE4-BF31-313CA33146E0}
	EndGlobalSection
EndGlobal
