
Microsoft Visual Studio Solution File, Format Version 12.00
# Visual Studio 15
VisualStudioVersion = 15.0.28307.1062
MinimumVisualStudioVersion = 10.0.40219.1
Project("{FAE04EC0-301F-11D3-BF4B-00C04F79EFBC}") = "lab3B", "lab3B\lab3B.csproj", "{804ACE66-80F9-47E8-B31E-1E767A9AC7FE}"
EndProject
Global
	GlobalSection(SolutionConfigurationPlatforms) = preSolution
		Debug|Any CPU = Debug|Any CPU
		Release|Any CPU = Release|Any CPU
	EndGlobalSection
	GlobalSection(ProjectConfigurationPlatforms) = postSolution
		{804ACE66-80F9-47E8-B31E-1E767A9AC7FE}.Debug|Any CPU.ActiveCfg = Debug|Any CPU
		{804ACE66-80F9-47E8-B31E-1E767A9AC7FE}.Debug|Any CPU.Build.0 = Debug|Any CPU
		{804ACE66-80F9-47E8-B31E-1E767A9AC7FE}.Release|Any CPU.ActiveCfg = Release|Any CPU
		{804ACE66-80F9-47E8-B31E-1E767A9AC7FE}.Release|Any CPU.Build.0 = Release|Any CPU
	EndGlobalSection
	GlobalSection(SolutionProperties) = preSolution
		HideSolutionNode = FALSE
	EndGlobalSection
	GlobalSection(ExtensibilityGlobals) = postSolution
		SolutionGuid = {368C2378-A3C4-49E2-BBE7-5717748D0C38}
	EndGlobalSection
EndGlobal
