
Microsoft Visual Studio Solution File, Format Version 12.00
# Visual Studio 15
VisualStudioVersion = 15.0.28307.1062
MinimumVisualStudioVersion = 10.0.40219.1
Project("{FAE04EC0-301F-11D3-BF4B-00C04F79EFBC}") = "lab8B", "lab8B\lab8B.csproj", "{74050A8F-EA81-4E05-997D-17CD7E6B0156}"
EndProject
Global
	GlobalSection(SolutionConfigurationPlatforms) = preSolution
		Debug|Any CPU = Debug|Any CPU
		Release|Any CPU = Release|Any CPU
	EndGlobalSection
	GlobalSection(ProjectConfigurationPlatforms) = postSolution
		{74050A8F-EA81-4E05-997D-17CD7E6B0156}.Debug|Any CPU.ActiveCfg = Debug|Any CPU
		{74050A8F-EA81-4E05-997D-17CD7E6B0156}.Debug|Any CPU.Build.0 = Debug|Any CPU
		{74050A8F-EA81-4E05-997D-17CD7E6B0156}.Release|Any CPU.ActiveCfg = Release|Any CPU
		{74050A8F-EA81-4E05-997D-17CD7E6B0156}.Release|Any CPU.Build.0 = Release|Any CPU
	EndGlobalSection
	GlobalSection(SolutionProperties) = preSolution
		HideSolutionNode = FALSE
	EndGlobalSection
	GlobalSection(ExtensibilityGlobals) = postSolution
		SolutionGuid = {007BB150-5E48-4A69-BB8D-C75B406CEC2A}
	EndGlobalSection
EndGlobal
