
Microsoft Visual Studio Solution File, Format Version 12.00
# Visual Studio 15
VisualStudioVersion = 15.0.28307.1062
MinimumVisualStudioVersion = 10.0.40219.1
Project("{FAE04EC0-301F-11D3-BF4B-00C04F79EFBC}") = "lab6E", "lab6E\lab6E.csproj", "{EEAD76BF-192C-4763-B91C-4A824C78E70F}"
EndProject
Global
	GlobalSection(SolutionConfigurationPlatforms) = preSolution
		Debug|Any CPU = Debug|Any CPU
		Release|Any CPU = Release|Any CPU
	EndGlobalSection
	GlobalSection(ProjectConfigurationPlatforms) = postSolution
		{EEAD76BF-192C-4763-B91C-4A824C78E70F}.Debug|Any CPU.ActiveCfg = Debug|Any CPU
		{EEAD76BF-192C-4763-B91C-4A824C78E70F}.Debug|Any CPU.Build.0 = Debug|Any CPU
		{EEAD76BF-192C-4763-B91C-4A824C78E70F}.Release|Any CPU.ActiveCfg = Release|Any CPU
		{EEAD76BF-192C-4763-B91C-4A824C78E70F}.Release|Any CPU.Build.0 = Release|Any CPU
	EndGlobalSection
	GlobalSection(SolutionProperties) = preSolution
		HideSolutionNode = FALSE
	EndGlobalSection
	GlobalSection(ExtensibilityGlobals) = postSolution
		SolutionGuid = {EBF927DC-F45C-4736-8128-519F6BB3F24C}
	EndGlobalSection
EndGlobal
