
Microsoft Visual Studio Solution File, Format Version 12.00
# Visual Studio 15
VisualStudioVersion = 15.0.28307.1062
MinimumVisualStudioVersion = 10.0.40219.1
Project("{FAE04EC0-301F-11D3-BF4B-00C04F79EFBC}") = "lab2BConsole", "lab2BConsole\lab2BConsole.csproj", "{34A5B692-FA7D-4F54-9A37-0EF63D9ED42C}"
EndProject
Global
	GlobalSection(SolutionConfigurationPlatforms) = preSolution
		Debug|Any CPU = Debug|Any CPU
		Release|Any CPU = Release|Any CPU
	EndGlobalSection
	GlobalSection(ProjectConfigurationPlatforms) = postSolution
		{34A5B692-FA7D-4F54-9A37-0EF63D9ED42C}.Debug|Any CPU.ActiveCfg = Debug|Any CPU
		{34A5B692-FA7D-4F54-9A37-0EF63D9ED42C}.Debug|Any CPU.Build.0 = Debug|Any CPU
		{34A5B692-FA7D-4F54-9A37-0EF63D9ED42C}.Release|Any CPU.ActiveCfg = Release|Any CPU
		{34A5B692-FA7D-4F54-9A37-0EF63D9ED42C}.Release|Any CPU.Build.0 = Release|Any CPU
	EndGlobalSection
	GlobalSection(SolutionProperties) = preSolution
		HideSolutionNode = FALSE
	EndGlobalSection
	GlobalSection(ExtensibilityGlobals) = postSolution
		SolutionGuid = {EE281638-D66A-4CE5-916F-23C166A180F1}
	EndGlobalSection
EndGlobal
